# This file is generated by running "yarn install" inside your project.
# Manual changes might be lost - proceed with caution!

__metadata:
  version: 4
  cacheKey: 7

"@babel/runtime@npm:^7.7.2":
  version: 7.14.6
  resolution: "@babel/runtime@npm:7.14.6"
  dependencies:
    regenerator-runtime: ^0.13.4
  checksum: dd931f6ef1c8dab295c4a00c592db6352bf12a5c443f8222304d5c1d3e88d795fa949afcb6f053eec2e69e9827a17ff274524c1cd43813f56b61e3a540274d2f
  languageName: node
  linkType: hard

"@jimp/bmp@npm:^0.16.1":
  version: 0.16.1
  resolution: "@jimp/bmp@npm:0.16.1"
  dependencies:
    "@babel/runtime": ^7.7.2
    "@jimp/utils": ^0.16.1
    bmp-js: ^0.1.0
  peerDependencies:
    "@jimp/custom": ">=0.3.5"
  checksum: eed92d9dc0cad5ba162bb5455bcda415708f4b6d4068b9b6f277bf0aa3726180a9e7ca9b7b1cfcc70e9284073394547eb771fc3ce2adf039a83ab17eb23c2ee8
  languageName: node
  linkType: hard

"@jimp/core@npm:^0.16.1":
  version: 0.16.1
  resolution: "@jimp/core@npm:0.16.1"
  dependencies:
    "@babel/runtime": ^7.7.2
    "@jimp/utils": ^0.16.1
    any-base: ^1.1.0
    buffer: ^5.2.0
    exif-parser: ^0.1.12
    file-type: ^9.0.0
    load-bmfont: ^1.3.1
    mkdirp: ^0.5.1
    phin: ^2.9.1
    pixelmatch: ^4.0.2
    tinycolor2: ^1.4.1
  checksum: 7a0aa4be2b99f476a05290eaeb2ec1352b3cf982db8eb0f8a0afdc577de40b63b96591b8c469bc6f3bf9d1d5c1b6691557856fb8554b24ae71f5e370c2b4d336
  languageName: node
  linkType: hard

"@jimp/custom@npm:^0.16.1":
  version: 0.16.1
  resolution: "@jimp/custom@npm:0.16.1"
  dependencies:
    "@babel/runtime": ^7.7.2
    "@jimp/core": ^0.16.1
  checksum: 7f17d6f1f94608bb356036f15372ec6f65b75db33eb9613df29d838e38b58e81b5526cbae3ad1c00d08b5df1a3b03561af67c9effb24130f8fe381e2dac281cb
  languageName: node
  linkType: hard

"@jimp/gif@npm:^0.16.1":
  version: 0.16.1
  resolution: "@jimp/gif@npm:0.16.1"
  dependencies:
    "@babel/runtime": ^7.7.2
    "@jimp/utils": ^0.16.1
    gifwrap: ^0.9.2
    omggif: ^1.0.9
  peerDependencies:
    "@jimp/custom": ">=0.3.5"
  checksum: 1cecadb5229d418c1278d357f85aace6f9d7ead8e119bdb42b9134aa12cbd8a6410227838fd5f0fd617d8ea6f10604d503fad7eebab132eb016ad79c07fbf674
  languageName: node
  linkType: hard

"@jimp/jpeg@npm:^0.16.1":
  version: 0.16.1
  resolution: "@jimp/jpeg@npm:0.16.1"
  dependencies:
    "@babel/runtime": ^7.7.2
    "@jimp/utils": ^0.16.1
    jpeg-js: 0.4.2
  peerDependencies:
    "@jimp/custom": ">=0.3.5"
  checksum: 603bd9072f5668bf4b0b16e7f1d8a4e1c1169cf58db564a2e7746ef4f5a083fc6e7aacd6fddad759619271f5a9769428685c72b2b31ec85beb970824c42b99ba
  languageName: node
  linkType: hard

"@jimp/plugin-blit@npm:^0.16.1":
  version: 0.16.1
  resolution: "@jimp/plugin-blit@npm:0.16.1"
  dependencies:
    "@babel/runtime": ^7.7.2
    "@jimp/utils": ^0.16.1
  peerDependencies:
    "@jimp/custom": ">=0.3.5"
  checksum: 0e3124eb1dd7796c6b8758231b07de6e008e4456b06899a590cdc9789ec8f53f1de45de9c2d6a3e6ed2cc6eecb8e89802d958397f79c3668b90278d1e6ffbed7
  languageName: node
  linkType: hard

"@jimp/plugin-blur@npm:^0.16.1":
  version: 0.16.1
  resolution: "@jimp/plugin-blur@npm:0.16.1"
  dependencies:
    "@babel/runtime": ^7.7.2
    "@jimp/utils": ^0.16.1
  peerDependencies:
    "@jimp/custom": ">=0.3.5"
  checksum: e4c93b9330c261facfab2e642b8b0880fc1166d341160a890e1e63f5ac2cb2038b0e0063b42f6d3e9387e08091ce94e626fe3067e59bec6c0f238a3faf2802ba
  languageName: node
  linkType: hard

"@jimp/plugin-circle@npm:^0.16.1":
  version: 0.16.1
  resolution: "@jimp/plugin-circle@npm:0.16.1"
  dependencies:
    "@babel/runtime": ^7.7.2
    "@jimp/utils": ^0.16.1
  peerDependencies:
    "@jimp/custom": ">=0.3.5"
  checksum: de1a8d5aba8b89e3e951e07004cbd4f6e390ffbf3e9ddd95dcb2d3f31d52ebb490a4a5040723f0625811c54990b6ca0b6a6c39fde85a7a542e212de6c38e2134
  languageName: node
  linkType: hard

"@jimp/plugin-color@npm:^0.16.1":
  version: 0.16.1
  resolution: "@jimp/plugin-color@npm:0.16.1"
  dependencies:
    "@babel/runtime": ^7.7.2
    "@jimp/utils": ^0.16.1
    tinycolor2: ^1.4.1
  peerDependencies:
    "@jimp/custom": ">=0.3.5"
  checksum: 8654d9fb2ef758ea031bd443ae45d2153d0698387eba8720353b4fc8d7cf1c0adcd274d2d3c8e22b9175d635d83e4dbe43bc67ee58497ba0b68954d980fb554d
  languageName: node
  linkType: hard

"@jimp/plugin-contain@npm:^0.16.1":
  version: 0.16.1
  resolution: "@jimp/plugin-contain@npm:0.16.1"
  dependencies:
    "@babel/runtime": ^7.7.2
    "@jimp/utils": ^0.16.1
  peerDependencies:
    "@jimp/custom": ">=0.3.5"
    "@jimp/plugin-blit": ">=0.3.5"
    "@jimp/plugin-resize": ">=0.3.5"
    "@jimp/plugin-scale": ">=0.3.5"
  checksum: ab773ce7ff046635ba446c72fb4534b9b805c95be5d4d35d67e92e8df13ee80ec55e568905b81b4a97673b563fc8e0dcde67a71e1cf5cb154ac33cdbc20b0af8
  languageName: node
  linkType: hard

"@jimp/plugin-cover@npm:^0.16.1":
  version: 0.16.1
  resolution: "@jimp/plugin-cover@npm:0.16.1"
  dependencies:
    "@babel/runtime": ^7.7.2
    "@jimp/utils": ^0.16.1
  peerDependencies:
    "@jimp/custom": ">=0.3.5"
    "@jimp/plugin-crop": ">=0.3.5"
    "@jimp/plugin-resize": ">=0.3.5"
    "@jimp/plugin-scale": ">=0.3.5"
  checksum: 15452a4f4a09c2a3bf7295a7e5bfbc4556f623e211b4ba9a83057b3285e40ee0be5bb8f9768608a6cf328215ee9e2bbe02dbea4d31340cf483ca2e2e1131e4d8
  languageName: node
  linkType: hard

"@jimp/plugin-crop@npm:^0.16.1":
  version: 0.16.1
  resolution: "@jimp/plugin-crop@npm:0.16.1"
  dependencies:
    "@babel/runtime": ^7.7.2
    "@jimp/utils": ^0.16.1
  peerDependencies:
    "@jimp/custom": ">=0.3.5"
  checksum: fab740290403ac3ea9fca4607966ce0e8c57701413de7996e7592a7a59dc2bbdd5769f169e7538150d61f13bf4b1e8742f74889e2c968e193b6b372f88bc51dc
  languageName: node
  linkType: hard

"@jimp/plugin-displace@npm:^0.16.1":
  version: 0.16.1
  resolution: "@jimp/plugin-displace@npm:0.16.1"
  dependencies:
    "@babel/runtime": ^7.7.2
    "@jimp/utils": ^0.16.1
  peerDependencies:
    "@jimp/custom": ">=0.3.5"
  checksum: 81fedfbfda8fdc5074ed36d55b8e328901fac290b85dd6fd27676627b52cb6625fb4415995c0e556ed3134763c277b5b7e21294a8a0b920d74addd5306423b48
  languageName: node
  linkType: hard

"@jimp/plugin-dither@npm:^0.16.1":
  version: 0.16.1
  resolution: "@jimp/plugin-dither@npm:0.16.1"
  dependencies:
    "@babel/runtime": ^7.7.2
    "@jimp/utils": ^0.16.1
  peerDependencies:
    "@jimp/custom": ">=0.3.5"
  checksum: 414d27612ea08e176209cc3fb7a3c400d4a3825ccf7ecde50a3e8c4379edfe4aacf0e943f026671f9e4665d3c90fc0f778828afbd8c06324b26a42ab93b01d35
  languageName: node
  linkType: hard

"@jimp/plugin-fisheye@npm:^0.16.1":
  version: 0.16.1
  resolution: "@jimp/plugin-fisheye@npm:0.16.1"
  dependencies:
    "@babel/runtime": ^7.7.2
    "@jimp/utils": ^0.16.1
  peerDependencies:
    "@jimp/custom": ">=0.3.5"
  checksum: 493b8d7f860cb0f016b02618ba673bc30e686ad31f74106fe1cbd03cfdc5239b8bcc60fb6164038325ae1052277259031bb6d06ae1ab3958502997802e0e9a62
  languageName: node
  linkType: hard

"@jimp/plugin-flip@npm:^0.16.1":
  version: 0.16.1
  resolution: "@jimp/plugin-flip@npm:0.16.1"
  dependencies:
    "@babel/runtime": ^7.7.2
    "@jimp/utils": ^0.16.1
  peerDependencies:
    "@jimp/custom": ">=0.3.5"
    "@jimp/plugin-rotate": ">=0.3.5"
  checksum: 1007fbbfa8f5b947dbbc2497f0c59eafaa1e54ba0030e776c4f7182dd2c9c3fafb4686ddb8a1229afc2d4e11e29d15cd0df8222a527bdc5b02782c3c328159af
  languageName: node
  linkType: hard

"@jimp/plugin-gaussian@npm:^0.16.1":
  version: 0.16.1
  resolution: "@jimp/plugin-gaussian@npm:0.16.1"
  dependencies:
    "@babel/runtime": ^7.7.2
    "@jimp/utils": ^0.16.1
  peerDependencies:
    "@jimp/custom": ">=0.3.5"
  checksum: 5164b637bcd90659e20692c840a459ea61386b56bbc6b4e91c6d682d71f4ff145e3399f89b3066e80b13cc25d50dfcc7880f1760e5d85918d5126fa2182dba78
  languageName: node
  linkType: hard

"@jimp/plugin-invert@npm:^0.16.1":
  version: 0.16.1
  resolution: "@jimp/plugin-invert@npm:0.16.1"
  dependencies:
    "@babel/runtime": ^7.7.2
    "@jimp/utils": ^0.16.1
  peerDependencies:
    "@jimp/custom": ">=0.3.5"
  checksum: 3be332a94d94c546c367d6cf454a2a0969addf0d13401039c4f5622a3d695be4fad5c6d0a91e6d32bc5bd807a1e1e38f0656ba68fbed3c3eef14c47773ca5cff
  languageName: node
  linkType: hard

"@jimp/plugin-mask@npm:^0.16.1":
  version: 0.16.1
  resolution: "@jimp/plugin-mask@npm:0.16.1"
  dependencies:
    "@babel/runtime": ^7.7.2
    "@jimp/utils": ^0.16.1
  peerDependencies:
    "@jimp/custom": ">=0.3.5"
  checksum: 75ceb5ab9be80bb7eef89e18cf5ec5f6de5444df9332245383b4e3154df5a28b4bda126c95e94a26d99b7ac9d63250cb493fdfe2a0364b9438795c3ca4f21ef2
  languageName: node
  linkType: hard

"@jimp/plugin-normalize@npm:^0.16.1":
  version: 0.16.1
  resolution: "@jimp/plugin-normalize@npm:0.16.1"
  dependencies:
    "@babel/runtime": ^7.7.2
    "@jimp/utils": ^0.16.1
  peerDependencies:
    "@jimp/custom": ">=0.3.5"
  checksum: c70d424813b0ac85ae0fa0869ca384ae602536332624d6400570ce07fae19ce78ae97fdb87db363cd38e7a7b27800df39175bcc71b86cc8b8aa77dd13d67a064
  languageName: node
  linkType: hard

"@jimp/plugin-print@npm:^0.16.1":
  version: 0.16.1
  resolution: "@jimp/plugin-print@npm:0.16.1"
  dependencies:
    "@babel/runtime": ^7.7.2
    "@jimp/utils": ^0.16.1
    load-bmfont: ^1.4.0
  peerDependencies:
    "@jimp/custom": ">=0.3.5"
    "@jimp/plugin-blit": ">=0.3.5"
  checksum: 9f91c55b8f3cd9368e4bf777f2cfadd767707902a745b7932ac4cc273c39d1eeb28340bf86f9327614058f6a6c7e37fc085aa09785cfdeb2f07e90348f05a280
  languageName: node
  linkType: hard

"@jimp/plugin-resize@npm:^0.16.1":
  version: 0.16.1
  resolution: "@jimp/plugin-resize@npm:0.16.1"
  dependencies:
    "@babel/runtime": ^7.7.2
    "@jimp/utils": ^0.16.1
  peerDependencies:
    "@jimp/custom": ">=0.3.5"
  checksum: 39e300685671fa33bc70c1ccdd8df134663d5cba08490901c533201ac87c11b0adf069594d932b2acdb6c641739383738b940b9d878ed3fe4631b5de4c55c619
  languageName: node
  linkType: hard

"@jimp/plugin-rotate@npm:^0.16.1":
  version: 0.16.1
  resolution: "@jimp/plugin-rotate@npm:0.16.1"
  dependencies:
    "@babel/runtime": ^7.7.2
    "@jimp/utils": ^0.16.1
  peerDependencies:
    "@jimp/custom": ">=0.3.5"
    "@jimp/plugin-blit": ">=0.3.5"
    "@jimp/plugin-crop": ">=0.3.5"
    "@jimp/plugin-resize": ">=0.3.5"
  checksum: 27a1742198199130db28ea803d074c5c659fa12449302c8330ff6e27a731b63d4381d77de3835a87d770fc2244c45856582afa3fea8006d4b05eeb510346ea8e
  languageName: node
  linkType: hard

"@jimp/plugin-scale@npm:^0.16.1":
  version: 0.16.1
  resolution: "@jimp/plugin-scale@npm:0.16.1"
  dependencies:
    "@babel/runtime": ^7.7.2
    "@jimp/utils": ^0.16.1
  peerDependencies:
    "@jimp/custom": ">=0.3.5"
    "@jimp/plugin-resize": ">=0.3.5"
  checksum: 697fbdd6e8527888ae50cb10f79cccc725775e638206eb4e5f468f7b41a8a84eefb6851de253998258e5731e6119cd99dc6b25c21f04bf904fbc09744fd008a8
  languageName: node
  linkType: hard

"@jimp/plugin-shadow@npm:^0.16.1":
  version: 0.16.1
  resolution: "@jimp/plugin-shadow@npm:0.16.1"
  dependencies:
    "@babel/runtime": ^7.7.2
    "@jimp/utils": ^0.16.1
  peerDependencies:
    "@jimp/custom": ">=0.3.5"
    "@jimp/plugin-blur": ">=0.3.5"
    "@jimp/plugin-resize": ">=0.3.5"
  checksum: 6491de78ea71fff2884234af06636ffa6521c7c2c26bf69fd751829eeb85342bc4ddd713b7f9260310c0723aa56bef94686dc592b0b550eab4de9814aeaf33e5
  languageName: node
  linkType: hard

"@jimp/plugin-threshold@npm:^0.16.1":
  version: 0.16.1
  resolution: "@jimp/plugin-threshold@npm:0.16.1"
  dependencies:
    "@babel/runtime": ^7.7.2
    "@jimp/utils": ^0.16.1
  peerDependencies:
    "@jimp/custom": ">=0.3.5"
    "@jimp/plugin-color": ">=0.8.0"
    "@jimp/plugin-resize": ">=0.8.0"
  checksum: 698133b9d2568d15af7010afae9d0b82f6a31f4c537be139903bb7a02ae30fd5e77531eb1f8798fe736439ed6fc8c51c6c4ccd9c1224560a248b8d971fac734a
  languageName: node
  linkType: hard

"@jimp/plugins@npm:^0.16.1":
  version: 0.16.1
  resolution: "@jimp/plugins@npm:0.16.1"
  dependencies:
    "@babel/runtime": ^7.7.2
    "@jimp/plugin-blit": ^0.16.1
    "@jimp/plugin-blur": ^0.16.1
    "@jimp/plugin-circle": ^0.16.1
    "@jimp/plugin-color": ^0.16.1
    "@jimp/plugin-contain": ^0.16.1
    "@jimp/plugin-cover": ^0.16.1
    "@jimp/plugin-crop": ^0.16.1
    "@jimp/plugin-displace": ^0.16.1
    "@jimp/plugin-dither": ^0.16.1
    "@jimp/plugin-fisheye": ^0.16.1
    "@jimp/plugin-flip": ^0.16.1
    "@jimp/plugin-gaussian": ^0.16.1
    "@jimp/plugin-invert": ^0.16.1
    "@jimp/plugin-mask": ^0.16.1
    "@jimp/plugin-normalize": ^0.16.1
    "@jimp/plugin-print": ^0.16.1
    "@jimp/plugin-resize": ^0.16.1
    "@jimp/plugin-rotate": ^0.16.1
    "@jimp/plugin-scale": ^0.16.1
    "@jimp/plugin-shadow": ^0.16.1
    "@jimp/plugin-threshold": ^0.16.1
    timm: ^1.6.1
  peerDependencies:
    "@jimp/custom": ">=0.3.5"
  checksum: fc339f35eeae6f666e5d9acace83ba92c94fbe9ec7361d52e70efe43478eae82dba0fe9793fc64d9caf8142bfac001aa37ae8d4d6b80d0d11583749bf05b0b61
  languageName: node
  linkType: hard

"@jimp/png@npm:^0.16.1":
  version: 0.16.1
  resolution: "@jimp/png@npm:0.16.1"
  dependencies:
    "@babel/runtime": ^7.7.2
    "@jimp/utils": ^0.16.1
    pngjs: ^3.3.3
  peerDependencies:
    "@jimp/custom": ">=0.3.5"
  checksum: 039b9b7d41768eac080cc0d9c27bade81135ece2c86f23379fd482d408b556c7c459d60eda26ab62d2b9f3146c6d9e369b505ce2ce874a2147105041aa940c09
  languageName: node
  linkType: hard

"@jimp/tiff@npm:^0.16.1":
  version: 0.16.1
  resolution: "@jimp/tiff@npm:0.16.1"
  dependencies:
    "@babel/runtime": ^7.7.2
    utif: ^2.0.1
  peerDependencies:
    "@jimp/custom": ">=0.3.5"
  checksum: 8dccc0342dbc120bbe96c592bb32ddb3f86fc828aecb61cdbbdd08fe1ba8b82e6b73689cd9e25107255b36e9ea64190df3f1aa67abc46e1bb3f8a527a38274cb
  languageName: node
  linkType: hard

"@jimp/types@npm:^0.16.1":
  version: 0.16.1
  resolution: "@jimp/types@npm:0.16.1"
  dependencies:
    "@babel/runtime": ^7.7.2
    "@jimp/bmp": ^0.16.1
    "@jimp/gif": ^0.16.1
    "@jimp/jpeg": ^0.16.1
    "@jimp/png": ^0.16.1
    "@jimp/tiff": ^0.16.1
    timm: ^1.6.1
  peerDependencies:
    "@jimp/custom": ">=0.3.5"
  checksum: 45b212141df49fd565aab0457ac11c3065f6e1dfbe6b5348cc4012274183268e18b0b71b1edc8e7848b2ca21b0fcca55d7d7fbb8374c72c76d258badfa3e2a7c
  languageName: node
  linkType: hard

"@jimp/utils@npm:^0.16.1":
  version: 0.16.1
  resolution: "@jimp/utils@npm:0.16.1"
  dependencies:
    "@babel/runtime": ^7.7.2
    regenerator-runtime: ^0.13.3
  checksum: 33082dfec470ceb4ae6353117faeb5344c6f5101d4fca905ce55f150b603b37840acbfee52c1ce829e559a313f2e32c1b1898cf081a12c8e3c17ff7549de1418
  languageName: node
  linkType: hard

"ansi-styles@npm:^4.1.0":
  version: 4.3.0
  resolution: "ansi-styles@npm:4.3.0"
  dependencies:
    color-convert: ^2.0.1
  checksum: ea02c0179f3dd089a161f5fdd7ccd89dd84f31d82b68869f1134bf5c5b9e1313dadd2ff9edb02b44f46243f285ef5b785f6cb61c84a293694221417c42934407
  languageName: node
  linkType: hard

"any-base@npm:^1.1.0":
  version: 1.1.0
  resolution: "any-base@npm:1.1.0"
  checksum: e04b8f072c8ff137dd2cdb75002424d61709f0f3cd1aa1a11ab528658299112abd868e6d71669024bc4d0c74c1d3fee5b2186560806fcc0640b974f19668ea3d
  languageName: node
  linkType: hard

"base64-js@npm:^1.3.1":
  version: 1.5.1
  resolution: "base64-js@npm:1.5.1"
  checksum: c1b41a26ddc6620eb7f1ee6c29c812f5942a4e328e74263f995872cfb8ca3aee08542beb25cd10fd7ef16e4f16603e25c35a26e776c01fd55277e5035e829e0e
  languageName: node
  linkType: hard

"bmp-js@npm:^0.1.0":
  version: 0.1.0
  resolution: "bmp-js@npm:0.1.0"
  checksum: 33885e435812825bda7b7914a53df4a265950a616c22f7a66f5d30491c62377447ba4865f7dbe71c5e9305075a68286ade4684d22bb44d30dfa108cb9b803ead
  languageName: node
  linkType: hard

"buffer-equal@npm:0.0.1":
  version: 0.0.1
  resolution: "buffer-equal@npm:0.0.1"
  checksum: e9cbdcf455faab6f6f6169569b7f0a265238941d6e2c9ef3613d1fafbfc1a2c971557b60cc54ec1f8e43fcdd933172ad723a612fc37efb1d425b846d70066fb0
  languageName: node
  linkType: hard

"buffer@npm:^5.2.0":
  version: 5.7.1
  resolution: "buffer@npm:5.7.1"
  dependencies:
    base64-js: ^1.3.1
    ieee754: ^1.1.13
  checksum: 1750ac396eb36e0157ff5299509723ac0681338ef6cd40b039bc86d59c8b9a9494e99db992836eb6d637de0b270b53ec1a62d4a1c9faeaa51468cc340e553984
  languageName: node
  linkType: hard

"chalk@npm:^4.1.1":
  version: 4.1.1
  resolution: "chalk@npm:4.1.1"
  dependencies:
    ansi-styles: ^4.1.0
    supports-color: ^7.1.0
  checksum: 445c12db7aeed0046500a1e4184d31209a77d165654c885a789c41c8598a6a95bd2392180987cac572c967b93a2a730dda778bb7f87fa06ca63fd8592f8cc59f
  languageName: node
  linkType: hard

"color-convert@npm:^2.0.1":
  version: 2.0.1
  resolution: "color-convert@npm:2.0.1"
  dependencies:
    color-name: ~1.1.4
  checksum: 3d5d8a011a43012ca11b6d739049ecf2055d95582fd16ec44bf1e685eb0baa5cc652002be8a1dc92b429c8d87418287d0528266a7595cb1ad8a7f4f1d3049df2
  languageName: node
  linkType: hard

"color-name@npm:~1.1.4":
  version: 1.1.4
  resolution: "color-name@npm:1.1.4"
  checksum: 3e1c9a4dee12eada307436f61614dd11fe300469db2b83f80c8b7a7cd8a1015f0f18dd13403f018927b249003777ff60baba4a03c65f12e6bddc0dfd9642021f
  languageName: node
  linkType: hard

"commander@npm:^7.2.0":
  version: 7.2.0
  resolution: "commander@npm:7.2.0"
  checksum: bdc0eca5e25cd24af8440163d3c9a996785bbac4b49a590365699cdc1ed08cefbac8f268153208ab2bc5dc3cb1d3fb573fd1590c681e36e371342186bd331a4c
  languageName: node
  linkType: hard

"dom-walk@npm:^0.1.0":
  version: 0.1.2
  resolution: "dom-walk@npm:0.1.2"
  checksum: 948c7527f3798cae9d7039cc0e5dc9f013ebd701d7d99478bac79d7d9eb8b81e7b6e836526e21ed9b156466b268e30ea0f2d5b72df955fabec3ce2aa7dc0086e
  languageName: node
  linkType: hard

"exif-parser@npm:^0.1.12":
  version: 0.1.12
  resolution: "exif-parser@npm:0.1.12"
  checksum: e48036d0a30c5e617382a49b2e967d15926475c42f637c8cfe4750d4bf58a09c3c0251eae2e1b3d77669d19cd6b2be85d3856dabcdffb8c799c95de4051fbf66
  languageName: node
  linkType: hard

"file-type@npm:^9.0.0":
  version: 9.0.0
  resolution: "file-type@npm:9.0.0"
  checksum: 6b7992faafa352f67c45188f00d7290fb7c411a2ede50bfae6918a9032ccaf32a92d940fcb3eabd4174123b1be7f84da0f16124abc4550f68bcdead199c93125
  languageName: node
  linkType: hard

"gifwrap@npm:^0.9.2":
  version: 0.9.2
  resolution: "gifwrap@npm:0.9.2"
  dependencies:
    image-q: ^1.1.1
    omggif: ^1.0.10
  checksum: 44c8c39c1a74344a7496a6f67e92f79b75b1b01589a940dc422ae3db537ac66c855cc64a4f815f0f45aab5232b0d470bb70a2aaac7a9545c06500e09aaf5b680
  languageName: node
  linkType: hard

"global@npm:~4.4.0":
  version: 4.4.0
  resolution: "global@npm:4.4.0"
  dependencies:
    min-document: ^2.19.0
    process: ^0.11.10
  checksum: da0cf92ef034b63cf4d0fe5e14cb71bc4c748b8c1bbeabe4061443562ba8e9027774f8074e66543fa98f0d965da6d11e0861e3bf8c628b7ab19220e8ee18cc71
  languageName: node
  linkType: hard

"has-flag@npm:^4.0.0":
  version: 4.0.0
  resolution: "has-flag@npm:4.0.0"
  checksum: 2e5391139d3d287231ccb58659702392f6e3abeac3296fb4721afaff46493f3d9b99a9329ae015dfe973aa206ed5c75f43e86aec0267dce79aa5c2b6e811b3ad
  languageName: node
  linkType: hard

"ieee754@npm:^1.1.13":
  version: 1.2.1
  resolution: "ieee754@npm:1.2.1"
  checksum: 6c1cfab995ecab3b0dbb6cfb7e192686eb02f0f8e788f2d962e1fc02e2d5ab38a85e06d417221f136bd029663a77cdb920d99605d68d3730a05597dd7910426a
  languageName: node
  linkType: hard

"image-q@npm:^1.1.1":
  version: 1.1.1
  resolution: "image-q@npm:1.1.1"
  checksum: fa7930517590a1ad69fd62dd63581ba2387ebc359a4d31b111481aec885290acd568c7effa0771a6e005bfa1b1cd78fa37f060babd8e5c23b8dd2f725ba6906b
  languageName: node
  linkType: hard

"is-function@npm:^1.0.1":
  version: 1.0.2
  resolution: "is-function@npm:1.0.2"
  checksum: 894562b5e4dcf3544eb0b5c26ba94e08c99007728059782f5e863296e865af9b7d2bcad06057d20bb862943dcfc9bb1387fedb4cdc953af93bd0a70ad61a3ba1
  languageName: node
  linkType: hard

"jimp@npm:^0.16.1":
  version: 0.16.1
  resolution: "jimp@npm:0.16.1"
  dependencies:
    "@babel/runtime": ^7.7.2
    "@jimp/custom": ^0.16.1
    "@jimp/plugins": ^0.16.1
    "@jimp/types": ^0.16.1
    regenerator-runtime: ^0.13.3
  checksum: bf2f18a9513812737f53965970e762af8602f298e837908ffd5f23b966f09cbec6ea7cc579efaf0a932f4be85e025198faf3ec40adea90905ea479b4f740c7dd
  languageName: node
  linkType: hard

"jpeg-js@npm:0.4.2":
  version: 0.4.2
  resolution: "jpeg-js@npm:0.4.2"
  checksum: 8a837504942e9f16c5984a1977f0cfd6f78e5beee3f01bc6682462abf5a8605a6e1777c6910bdf54cbbaef73794db831be8d05f138d5793d568b1ae5217e254a
  languageName: node
  linkType: hard

"load-bmfont@npm:^1.3.1, load-bmfont@npm:^1.4.0":
  version: 1.4.1
  resolution: "load-bmfont@npm:1.4.1"
  dependencies:
    buffer-equal: 0.0.1
    mime: ^1.3.4
    parse-bmfont-ascii: ^1.0.3
    parse-bmfont-binary: ^1.0.5
    parse-bmfont-xml: ^1.1.4
    phin: ^2.9.1
    xhr: ^2.0.1
    xtend: ^4.0.0
  checksum: 9b7e12ab2b37552d39c4795e9493261272d6ed351481deea7aabd2573da9565749e43e47725b2e9e7c1af48e1cc5fc2f2d5959b7a80def2d3638012649079bd9
  languageName: node
  linkType: hard

"mime@npm:^1.3.4":
  version: 1.6.0
  resolution: "mime@npm:1.6.0"
  bin:
    mime: cli.js
  checksum: d540c24dd3e3a9e25e813714e55ff2f7841a3a1a47aed9786c508bd0251653d5e9abbfb1163c0c6e1be99f872d7fa1538c068bd6e306e9cb12dd9affa841a61e
  languageName: node
  linkType: hard

"min-document@npm:^2.19.0":
  version: 2.19.0
  resolution: "min-document@npm:2.19.0"
  dependencies:
    dom-walk: ^0.1.0
  checksum: 8da883996e00a53729e867dad45a358c6d8b3b55f2473a20768c1a2b4642d0983bc61827cf29eb98c53d7290c2a1a74a5cba60873857da416bdfae09bf73bb21
  languageName: node
  linkType: hard

"minimist@npm:^1.2.5":
  version: 1.2.5
  resolution: "minimist@npm:1.2.5"
  checksum: b77b8590147a4e217ff34266236bc39de23b52e6e33054076991ff674c7397a1380a7bde11111916f16f003a94aaa7e4f3d92595a32189644ff607fabc65a5b6
  languageName: node
  linkType: hard

"mkdirp@npm:^0.5.1":
  version: 0.5.5
  resolution: "mkdirp@npm:0.5.5"
  dependencies:
    minimist: ^1.2.5
  bin:
    mkdirp: bin/cmd.js
  checksum: 9dd9792e891927b14ca02226dbe1daeb717b9517a001620d5e2658bbc72c5e4f06887b6cbcbb60595fa5a56e701073cf250f1ed69c1988a6b89faf9fd6a4d049
  languageName: node
  linkType: hard

"omggif@npm:^1.0.10, omggif@npm:^1.0.9":
  version: 1.0.10
  resolution: "omggif@npm:1.0.10"
  checksum: a871594f9e90eaf467b1d3047bf541bedb07ba8a83ba9a097ae4e6343889e0ab494a8581bc34e522ae5513834af55edfaca7d16e3df7b48110c49b46526f215c
  languageName: node
  linkType: hard

"pako@npm:^1.0.5":
  version: 1.0.11
  resolution: "pako@npm:1.0.11"
  checksum: 71c60150b68220ec52a404f3c39a4ed38f750e42452b88fe0eb2e6b5c98e91f73f706444359b097aca1e6db83ef8fef50b5a9ec100e30a606cda6da8d45e5439
  languageName: node
  linkType: hard

"parse-bmfont-ascii@npm:^1.0.3":
  version: 1.0.6
  resolution: "parse-bmfont-ascii@npm:1.0.6"
  checksum: e3081f70d26431d077fdff2fbcf561263dd5c16c45e4966199140ef3b952473b2cecf81701a5d19e28767aa19b6407ba647fc4aa95976c7f9b2ddf492d20ac26
  languageName: node
  linkType: hard

"parse-bmfont-binary@npm:^1.0.5":
  version: 1.0.6
  resolution: "parse-bmfont-binary@npm:1.0.6"
  checksum: 205542cf94fdd68b00bfc889c4891d1bac624c30ae3f434c3a69f7ebf733d6556d0c00329f0a0aaae8595fa73855db3d4b9237e1166eab1cdf944d1be39e7393
  languageName: node
  linkType: hard

"parse-bmfont-xml@npm:^1.1.4":
  version: 1.1.4
  resolution: "parse-bmfont-xml@npm:1.1.4"
  dependencies:
    xml-parse-from-string: ^1.0.0
    xml2js: ^0.4.5
  checksum: 50e9d166d3f587e51584a5b4de8a8b5c32bf2a15fee2ed7c77b38abbf8e3833d3fb6b904cd0918eeef63a010fba7c7b9eb9ba7fb6579a91cdbc9d3c330bc7989
  languageName: node
  linkType: hard

"parse-headers@npm:^2.0.0":
  version: 2.0.3
  resolution: "parse-headers@npm:2.0.3"
  checksum: 6a4a8a1a484fee9f474d2e4d064b196587f3263808296c02ded4f58421dc8d4be7de67b611943ce5061b3fdcb72f375e04cd32e65e612541a929287708c48fe4
  languageName: node
  linkType: hard

"phin@npm:^2.9.1":
  version: 2.9.3
  resolution: "phin@npm:2.9.3"
  checksum: fc2759bfcda239cc3d99ebbbd5add20e81899c65ddba1113a20018790948cc90447a937f37e9beaa9948837adeb8b37c82cfa1f81210034878af32318bbad8b2
  languageName: node
  linkType: hard

"pic2bombhopper@workspace:.":
  version: 0.0.0-use.local
  resolution: "pic2bombhopper@workspace:."
  dependencies:
    chalk: ^4.1.1
    commander: ^7.2.0
    jimp: ^0.16.1
  languageName: unknown
  linkType: soft

"pixelmatch@npm:^4.0.2":
  version: 4.0.2
  resolution: "pixelmatch@npm:4.0.2"
  dependencies:
    pngjs: ^3.0.0
  bin:
    pixelmatch: bin/pixelmatch
  checksum: 09ebd56f6c9e7079d9dc69e89e9d24fa7c306737c7aa0f2c507182ff7afbe71b79e6d582491306e7adf39e060cc030e4c6669838fdd66bc175035b72f4c7acb2
  languageName: node
  linkType: hard

"pngjs@npm:^3.0.0, pngjs@npm:^3.3.3":
  version: 3.4.0
  resolution: "pngjs@npm:3.4.0"
  checksum: aa6d2cb4dd770cab9b06d9169aa94f134d7ff7dae3a73310709f0f0b4cdbcca2a8bfa7fa6f4d610719d5a3aa848447e6a755730e5dc911a38e8ec4d7a64dc214
  languageName: node
  linkType: hard

"process@npm:^0.11.10":
  version: 0.11.10
  resolution: "process@npm:0.11.10"
  checksum: ed93a85e9185b40fb01788c588a87c1a9da0eb925ef7cebebbe1b8bbf0eba1802130366603a29e3b689c116969d4fe018de6aed3474bbeb5aefb3716b85d6449
  languageName: node
  linkType: hard

"regenerator-runtime@npm:^0.13.3, regenerator-runtime@npm:^0.13.4":
  version: 0.13.8
  resolution: "regenerator-runtime@npm:0.13.8"
  checksum: 20178f5753f181d59691e5c3b4c59a2769987f75c7ccf325777673b5478acca61a553b10e895585086c222f72f5ee428090acf50320264de4b79f630f7388653
  languageName: node
  linkType: hard

"sax@npm:>=0.6.0":
  version: 1.2.4
  resolution: "sax@npm:1.2.4"
  checksum: 9d7668d69105e89e2c1a4b2fdc12c72e1a2f78b825f7b4a8a2ea5cdfebf70920bd17715bed55264c3b3959616a0695f8ad2d098bf6944fbd0953ee9c695dceef
  languageName: node
  linkType: hard

"supports-color@npm:^7.1.0":
  version: 7.2.0
  resolution: "supports-color@npm:7.2.0"
  dependencies:
    has-flag: ^4.0.0
  checksum: 8e57067c39216f3c2ffce7cc14ca934d54746192571203aa9c9922d97d2d55cc1bdaa9e41a11f91e620670b5a74ebdec6b548a885d8cc2dea7cab59e21416029
  languageName: node
  linkType: hard

"timm@npm:^1.6.1":
  version: 1.7.1
  resolution: "timm@npm:1.7.1"
  checksum: fa92a6fccadf8de911a03d6857f5ebb01da8013c8128ba2e244294b05b5102237d26beb4a025117409f50f585afebd37e9aad3dd247b62dc71503eaff3ff021f
  languageName: node
  linkType: hard

"tinycolor2@npm:^1.4.1":
  version: 1.4.2
  resolution: "tinycolor2@npm:1.4.2"
  checksum: cf33d084cb378d2988fad1b214e62f38be75ba1a9a6df98d4dadf77c31f82796d40822100e6d3e1973c9233ddf0ddbbbfdcac40e2288c958bca3c6d310e2ccb4
  languageName: node
  linkType: hard

"utif@npm:^2.0.1":
  version: 2.0.1
  resolution: "utif@npm:2.0.1"
  dependencies:
    pako: ^1.0.5
  checksum: 198b7cf7d868b1bf58b41e1b51e1df09a51f188c5cdfb51e06fec6cc9672f515cce38d1738965b68f98e3a69d151e7fda151a41835e7445ff9e74082a69b6aa9
  languageName: node
  linkType: hard

"xhr@npm:^2.0.1":
  version: 2.6.0
  resolution: "xhr@npm:2.6.0"
  dependencies:
    global: ~4.4.0
    is-function: ^1.0.1
    parse-headers: ^2.0.0
    xtend: ^4.0.0
  checksum: 55300253438f6305a16ead5e4327c277e6c862d44dd8eb93e2a8f6ac3d916e5d46534ff3d8d143a3a6e597e56fc34201a51ec7fb9370d783974a630be213c578
  languageName: node
  linkType: hard

"xml-parse-from-string@npm:^1.0.0":
  version: 1.0.1
  resolution: "xml-parse-from-string@npm:1.0.1"
  checksum: 123b1308260b62e196fcd5d2e4aebd07bab876cb0bb4efde8aa6aa1bdf00123dfdb7e290d90ef9a667893f43aa07e753964ebb6bd377304dec148c068d17849f
  languageName: node
  linkType: hard

"xml2js@npm:^0.4.5":
  version: 0.4.23
  resolution: "xml2js@npm:0.4.23"
  dependencies:
    sax: ">=0.6.0"
    xmlbuilder: ~11.0.0
  checksum: 5e6e53955714a9d094c9f39ac7509706d136a3dae76684059019ca949e131775f69715715879df86b1a49519ffea3805ff2e930596e229c5f6228ce027e8a80e
  languageName: node
  linkType: hard

"xmlbuilder@npm:~11.0.0":
  version: 11.0.1
  resolution: "xmlbuilder@npm:11.0.1"
  checksum: 8f479b28b5897d903dc514c45c54c869b2f798c0eb44b11e35f7d6e3e631fb9d7aaaec6b9db6b92b715b4ded00d9d8ed8c08e9fd7e2a5f220b14b7b54403fa10
  languageName: node
  linkType: hard

"xtend@npm:^4.0.0":
  version: 4.0.2
  resolution: "xtend@npm:4.0.2"
  checksum: 37ee522a3e9fb9b143a400c30b21dc122aa8c9c9411c6afae1005a4617dc20a21765c114d544e37a6bb60c2733dd8ee0a44ed9e80d884ac78cccd30b5e0ab0da
  languageName: node
  linkType: hard
